// !$*UTF8*$!
{
	archiveVersion = 1;
	classes = {
	};
	objectVersion = 50;
	objects = {

/* Begin PBXBuildFile section */
		466A55C525C5968900CF713F /* AppDelegate.swift in Sources */ = {isa = PBXBuildFile; fileRef = 466A55C425C5968900CF713F /* AppDelegate.swift */; };
		466A55C925C5968900CF713F /* HomeController.swift in Sources */ = {isa = PBXBuildFile; fileRef = 466A55C825C5968900CF713F /* HomeController.swift */; };
		466A55CE25C5968E00CF713F /* Assets.xcassets in Resources */ = {isa = PBXBuildFile; fileRef = 466A55CD25C5968E00CF713F /* Assets.xcassets */; };
		466A55D125C5968E00CF713F /* LaunchScreen.storyboard in Resources */ = {isa = PBXBuildFile; fileRef = 466A55CF25C5968E00CF713F /* LaunchScreen.storyboard */; };
		466A55E625C598A600CF713F /* HomeView.swift in Sources */ = {isa = PBXBuildFile; fileRef = 466A55E525C598A600CF713F /* HomeView.swift */; };
		466A55E925C59C9F00CF713F /* UIView+Extensions.swift in Sources */ = {isa = PBXBuildFile; fileRef = 466A55E825C59C9F00CF713F /* UIView+Extensions.swift */; };
		466A55EC25C59D5700CF713F /* HomeViewModel.swift in Sources */ = {isa = PBXBuildFile; fileRef = 466A55EB25C59D5700CF713F /* HomeViewModel.swift */; };
		466A55F125C59F0300CF713F /* ShareTableViewCell.swift in Sources */ = {isa = PBXBuildFile; fileRef = 466A55EF25C59F0300CF713F /* ShareTableViewCell.swift */; };
		466A55F225C59F0300CF713F /* ShareTableViewCell.xib in Resources */ = {isa = PBXBuildFile; fileRef = 466A55F025C59F0300CF713F /* ShareTableViewCell.xib */; };
		466A55F525C59FC100CF713F /* UIColor+Extensions.swift in Sources */ = {isa = PBXBuildFile; fileRef = 466A55F425C59FC100CF713F /* UIColor+Extensions.swift */; };
		466A55F925C5A0D500CF713F /* UIViewController+Extensions.swift in Sources */ = {isa = PBXBuildFile; fileRef = 466A55F825C5A0D500CF713F /* UIViewController+Extensions.swift */; };
		466A55FE25C5A2D900CF713F /* GalanoGrotesqueRegular.ttf in Resources */ = {isa = PBXBuildFile; fileRef = 466A55FC25C5A2D900CF713F /* GalanoGrotesqueRegular.ttf */; };
		466A55FF25C5A2D900CF713F /* GalanoGrotesqueMedium.ttf in Resources */ = {isa = PBXBuildFile; fileRef = 466A55FD25C5A2D900CF713F /* GalanoGrotesqueMedium.ttf */; };
		466A560425C5D19100CF713F /* DashboardHeaderView.swift in Sources */ = {isa = PBXBuildFile; fileRef = 466A560325C5D19100CF713F /* DashboardHeaderView.swift */; };
		466A560725C5D31000CF713F /* DashboardHeaderView.xib in Resources */ = {isa = PBXBuildFile; fileRef = 466A560625C5D31000CF713F /* DashboardHeaderView.xib */; };
		466A560B25C5D8E600CF713F /* DashboardTableViewCell.swift in Sources */ = {isa = PBXBuildFile; fileRef = 466A560925C5D8E600CF713F /* DashboardTableViewCell.swift */; };
		466A560C25C5D8E600CF713F /* DashboardTableViewCell.xib in Resources */ = {isa = PBXBuildFile; fileRef = 466A560A25C5D8E600CF713F /* DashboardTableViewCell.xib */; };
		466A561025C5D97800CF713F /* DashboardCollectionViewCell.swift in Sources */ = {isa = PBXBuildFile; fileRef = 466A560E25C5D97800CF713F /* DashboardCollectionViewCell.swift */; };
		466A561125C5D97800CF713F /* DashboardCollectionViewCell.xib in Resources */ = {isa = PBXBuildFile; fileRef = 466A560F25C5D97800CF713F /* DashboardCollectionViewCell.xib */; };
		466A561925C5F1A900CF713F /* OrdersHeaderView.xib in Resources */ = {isa = PBXBuildFile; fileRef = 466A561825C5F1A900CF713F /* OrdersHeaderView.xib */; };
		466A561C25C5F1C900CF713F /* OrdersHeaderView.swift in Sources */ = {isa = PBXBuildFile; fileRef = 466A561B25C5F1C900CF713F /* OrdersHeaderView.swift */; };
		466A562025C5F2DF00CF713F /* FilterCollectionViewCell.swift in Sources */ = {isa = PBXBuildFile; fileRef = 466A561E25C5F2DF00CF713F /* FilterCollectionViewCell.swift */; };
		466A562125C5F2DF00CF713F /* FilterCollectionViewCell.xib in Resources */ = {isa = PBXBuildFile; fileRef = 466A561F25C5F2DF00CF713F /* FilterCollectionViewCell.xib */; };
		466A562525C5FE9400CF713F /* OrderTableViewCell.swift in Sources */ = {isa = PBXBuildFile; fileRef = 466A562325C5FE9400CF713F /* OrderTableViewCell.swift */; };
		466A562625C5FE9400CF713F /* OrderTableViewCell.xib in Resources */ = {isa = PBXBuildFile; fileRef = 466A562425C5FE9400CF713F /* OrderTableViewCell.xib */; };
		466A562925C6024E00CF713F /* UIButton+Extensions.swift in Sources */ = {isa = PBXBuildFile; fileRef = 466A562825C6024E00CF713F /* UIButton+Extensions.swift */; };
		466A563025C60EF700CF713F /* CALayer+Extensions.swift in Sources */ = {isa = PBXBuildFile; fileRef = 466A562F25C60EF700CF713F /* CALayer+Extensions.swift */; };
		466A563425C60F2E00CF713F /* UIFont+Extensions.swift in Sources */ = {isa = PBXBuildFile; fileRef = 466A563325C60F2E00CF713F /* UIFont+Extensions.swift */; };
		466A563D25C60FD000CF713F /* Order.swift in Sources */ = {isa = PBXBuildFile; fileRef = 466A563C25C60FD000CF713F /* Order.swift */; };
		466A564025C60FE800CF713F /* Dashboard.swift in Sources */ = {isa = PBXBuildFile; fileRef = 466A563F25C60FE800CF713F /* Dashboard.swift */; };
		466A564325C60FFF00CF713F /* Filter.swift in Sources */ = {isa = PBXBuildFile; fileRef = 466A564225C60FFF00CF713F /* Filter.swift */; };
/* End PBXBuildFile section */

/* Begin PBXFileReference section */
		466A55C125C5968900CF713F /* DukaanApp.app */ = {isa = PBXFileReference; explicitFileType = wrapper.application; includeInIndex = 0; path = DukaanApp.app; sourceTree = BUILT_PRODUCTS_DIR; };
		466A55C425C5968900CF713F /* AppDelegate.swift */ = {isa = PBXFileReference; lastKnownFileType = sourcecode.swift; path = AppDelegate.swift; sourceTree = "<group>"; };
		466A55C825C5968900CF713F /* HomeController.swift */ = {isa = PBXFileReference; lastKnownFileType = sourcecode.swift; path = HomeController.swift; sourceTree = "<group>"; };
		466A55CD25C5968E00CF713F /* Assets.xcassets */ = {isa = PBXFileReference; lastKnownFileType = folder.assetcatalog; path = Assets.xcassets; sourceTree = "<group>"; };
		466A55D025C5968E00CF713F /* Base */ = {isa = PBXFileReference; lastKnownFileType = file.storyboard; name = Base; path = Base.lproj/LaunchScreen.storyboard; sourceTree = "<group>"; };
		466A55D225C5968E00CF713F /* Info.plist */ = {isa = PBXFileReference; lastKnownFileType = text.plist.xml; path = Info.plist; sourceTree = "<group>"; };
		466A55E525C598A600CF713F /* HomeView.swift */ = {isa = PBXFileReference; lastKnownFileType = sourcecode.swift; path = HomeView.swift; sourceTree = "<group>"; };
		466A55E825C59C9F00CF713F /* UIView+Extensions.swift */ = {isa = PBXFileReference; lastKnownFileType = sourcecode.swift; path = "UIView+Extensions.swift"; sourceTree = "<group>"; };
		466A55EB25C59D5700CF713F /* HomeViewModel.swift */ = {isa = PBXFileReference; lastKnownFileType = sourcecode.swift; path = HomeViewModel.swift; sourceTree = "<group>"; };
		466A55EF25C59F0300CF713F /* ShareTableViewCell.swift */ = {isa = PBXFileReference; lastKnownFileType = sourcecode.swift; path = ShareTableViewCell.swift; sourceTree = "<group>"; };
		466A55F025C59F0300CF713F /* ShareTableViewCell.xib */ = {isa = PBXFileReference; lastKnownFileType = file.xib; path = ShareTableViewCell.xib; sourceTree = "<group>"; };
		466A55F425C59FC100CF713F /* UIColor+Extensions.swift */ = {isa = PBXFileReference; lastKnownFileType = sourcecode.swift; path = "UIColor+Extensions.swift"; sourceTree = "<group>"; };
		466A55F825C5A0D500CF713F /* UIViewController+Extensions.swift */ = {isa = PBXFileReference; lastKnownFileType = sourcecode.swift; path = "UIViewController+Extensions.swift"; sourceTree = "<group>"; };
		466A55FC25C5A2D900CF713F /* GalanoGrotesqueRegular.ttf */ = {isa = PBXFileReference; lastKnownFileType = file; path = GalanoGrotesqueRegular.ttf; sourceTree = "<group>"; };
		466A55FD25C5A2D900CF713F /* GalanoGrotesqueMedium.ttf */ = {isa = PBXFileReference; lastKnownFileType = file; path = GalanoGrotesqueMedium.ttf; sourceTree = "<group>"; };
		466A560325C5D19100CF713F /* DashboardHeaderView.swift */ = {isa = PBXFileReference; lastKnownFileType = sourcecode.swift; path = DashboardHeaderView.swift; sourceTree = "<group>"; };
		466A560625C5D31000CF713F /* DashboardHeaderView.xib */ = {isa = PBXFileReference; lastKnownFileType = file.xib; path = DashboardHeaderView.xib; sourceTree = "<group>"; };
		466A560925C5D8E600CF713F /* DashboardTableViewCell.swift */ = {isa = PBXFileReference; lastKnownFileType = sourcecode.swift; path = DashboardTableViewCell.swift; sourceTree = "<group>"; };
		466A560A25C5D8E600CF713F /* DashboardTableViewCell.xib */ = {isa = PBXFileReference; lastKnownFileType = file.xib; path = DashboardTableViewCell.xib; sourceTree = "<group>"; };
		466A560E25C5D97800CF713F /* DashboardCollectionViewCell.swift */ = {isa = PBXFileReference; lastKnownFileType = sourcecode.swift; path = DashboardCollectionViewCell.swift; sourceTree = "<group>"; };
		466A560F25C5D97800CF713F /* DashboardCollectionViewCell.xib */ = {isa = PBXFileReference; lastKnownFileType = file.xib; path = DashboardCollectionViewCell.xib; sourceTree = "<group>"; };
		466A561825C5F1A900CF713F /* OrdersHeaderView.xib */ = {isa = PBXFileReference; lastKnownFileType = file.xib; path = OrdersHeaderView.xib; sourceTree = "<group>"; };
		466A561B25C5F1C900CF713F /* OrdersHeaderView.swift */ = {isa = PBXFileReference; lastKnownFileType = sourcecode.swift; path = OrdersHeaderView.swift; sourceTree = "<group>"; };
		466A561E25C5F2DF00CF713F /* FilterCollectionViewCell.swift */ = {isa = PBXFileReference; lastKnownFileType = sourcecode.swift; path = FilterCollectionViewCell.swift; sourceTree = "<group>"; };
		466A561F25C5F2DF00CF713F /* FilterCollectionViewCell.xib */ = {isa = PBXFileReference; lastKnownFileType = file.xib; path = FilterCollectionViewCell.xib; sourceTree = "<group>"; };
		466A562325C5FE9400CF713F /* OrderTableViewCell.swift */ = {isa = PBXFileReference; lastKnownFileType = sourcecode.swift; path = OrderTableViewCell.swift; sourceTree = "<group>"; };
		466A562425C5FE9400CF713F /* OrderTableViewCell.xib */ = {isa = PBXFileReference; lastKnownFileType = file.xib; path = OrderTableViewCell.xib; sourceTree = "<group>"; };
		466A562825C6024E00CF713F /* UIButton+Extensions.swift */ = {isa = PBXFileReference; lastKnownFileType = sourcecode.swift; path = "UIButton+Extensions.swift"; sourceTree = "<group>"; };
		466A562F25C60EF700CF713F /* CALayer+Extensions.swift */ = {isa = PBXFileReference; lastKnownFileType = sourcecode.swift; path = "CALayer+Extensions.swift"; sourceTree = "<group>"; };
		466A563325C60F2E00CF713F /* UIFont+Extensions.swift */ = {isa = PBXFileReference; lastKnownFileType = sourcecode.swift; path = "UIFont+Extensions.swift"; sourceTree = "<group>"; };
		466A563C25C60FD000CF713F /* Order.swift */ = {isa = PBXFileReference; lastKnownFileType = sourcecode.swift; path = Order.swift; sourceTree = "<group>"; };
		466A563F25C60FE800CF713F /* Dashboard.swift */ = {isa = PBXFileReference; lastKnownFileType = sourcecode.swift; path = Dashboard.swift; sourceTree = "<group>"; };
		466A564225C60FFF00CF713F /* Filter.swift */ = {isa = PBXFileReference; lastKnownFileType = sourcecode.swift; path = Filter.swift; sourceTree = "<group>"; };
/* End PBXFileReference section */

/* Begin PBXFrameworksBuildPhase section */
		466A55BE25C5968900CF713F /* Frameworks */ = {
			isa = PBXFrameworksBuildPhase;
			buildActionMask = 2147483647;
			files = (
			);
			runOnlyForDeploymentPostprocessing = 0;
		};
/* End PBXFrameworksBuildPhase section */

/* Begin PBXGroup section */
		466A55B825C5968900CF713F = {
			isa = PBXGroup;
			children = (
				466A55C325C5968900CF713F /* DukaanApp */,
				466A55C225C5968900CF713F /* Products */,
			);
			sourceTree = "<group>";
		};
		466A55C225C5968900CF713F /* Products */ = {
			isa = PBXGroup;
			children = (
				466A55C125C5968900CF713F /* DukaanApp.app */,
			);
			name = Products;
			sourceTree = "<group>";
		};
		466A55C325C5968900CF713F /* DukaanApp */ = {
			isa = PBXGroup;
			children = (
				466A55C425C5968900CF713F /* AppDelegate.swift */,
				466A563B25C60FAD00CF713F /* ViewLayer */,
				466A563825C60F8500CF713F /* Models */,
				466A562D25C60EDC00CF713F /* Extensions */,
				466A55DD25C597B200CF713F /* Bundle */,
			);
			path = DukaanApp;
			sourceTree = "<group>";
		};
		466A55DD25C597B200CF713F /* Bundle */ = {
			isa = PBXGroup;
			children = (
				466A55FB25C5A2C900CF713F /* Resources */,
				466A55CF25C5968E00CF713F /* LaunchScreen.storyboard */,
				466A55D225C5968E00CF713F /* Info.plist */,
			);
			path = Bundle;
			sourceTree = "<group>";
		};
		466A55EE25C59E8200CF713F /* Cells */ = {
			isa = PBXGroup;
			children = (
				466A561725C5F13000CF713F /* TableViewCells */,
				466A561625C5F12100CF713F /* HeaderCells */,
				466A561525C5F11300CF713F /* CollectionViewCells */,
			);
			path = Cells;
			sourceTree = "<group>";
		};
		466A55FB25C5A2C900CF713F /* Resources */ = {
			isa = PBXGroup;
			children = (
				466A55CD25C5968E00CF713F /* Assets.xcassets */,
				466A55FD25C5A2D900CF713F /* GalanoGrotesqueMedium.ttf */,
				466A55FC25C5A2D900CF713F /* GalanoGrotesqueRegular.ttf */,
			);
			path = Resources;
			sourceTree = "<group>";
		};
		466A561525C5F11300CF713F /* CollectionViewCells */ = {
			isa = PBXGroup;
			children = (
				466A561E25C5F2DF00CF713F /* FilterCollectionViewCell.swift */,
				466A561F25C5F2DF00CF713F /* FilterCollectionViewCell.xib */,
				466A560E25C5D97800CF713F /* DashboardCollectionViewCell.swift */,
				466A560F25C5D97800CF713F /* DashboardCollectionViewCell.xib */,
			);
			path = CollectionViewCells;
			sourceTree = "<group>";
		};
		466A561625C5F12100CF713F /* HeaderCells */ = {
			isa = PBXGroup;
			children = (
				466A560325C5D19100CF713F /* DashboardHeaderView.swift */,
				466A560625C5D31000CF713F /* DashboardHeaderView.xib */,
				466A561B25C5F1C900CF713F /* OrdersHeaderView.swift */,
				466A561825C5F1A900CF713F /* OrdersHeaderView.xib */,
			);
			path = HeaderCells;
			sourceTree = "<group>";
		};
		466A561725C5F13000CF713F /* TableViewCells */ = {
			isa = PBXGroup;
			children = (
				466A55EF25C59F0300CF713F /* ShareTableViewCell.swift */,
				466A55F025C59F0300CF713F /* ShareTableViewCell.xib */,
				466A560925C5D8E600CF713F /* DashboardTableViewCell.swift */,
				466A560A25C5D8E600CF713F /* DashboardTableViewCell.xib */,
				466A562325C5FE9400CF713F /* OrderTableViewCell.swift */,
				466A562425C5FE9400CF713F /* OrderTableViewCell.xib */,
			);
			path = TableViewCells;
			sourceTree = "<group>";
		};
		466A562D25C60EDC00CF713F /* Extensions */ = {
			isa = PBXGroup;
			children = (
				466A562F25C60EF700CF713F /* CALayer+Extensions.swift */,
				466A55E825C59C9F00CF713F /* UIView+Extensions.swift */,
				466A55F425C59FC100CF713F /* UIColor+Extensions.swift */,
				466A55F825C5A0D500CF713F /* UIViewController+Extensions.swift */,
				466A562825C6024E00CF713F /* UIButton+Extensions.swift */,
				466A563325C60F2E00CF713F /* UIFont+Extensions.swift */,
			);
			path = Extensions;
			sourceTree = "<group>";
		};
		466A563725C60F7D00CF713F /* Views */ = {
			isa = PBXGroup;
			children = (
				466A55E525C598A600CF713F /* HomeView.swift */,
				466A55EE25C59E8200CF713F /* Cells */,
			);
			path = Views;
			sourceTree = "<group>";
		};
		466A563825C60F8500CF713F /* Models */ = {
			isa = PBXGroup;
			children = (
				466A563C25C60FD000CF713F /* Order.swift */,
				466A563F25C60FE800CF713F /* Dashboard.swift */,
				466A564225C60FFF00CF713F /* Filter.swift */,
			);
			path = Models;
			sourceTree = "<group>";
		};
		466A563925C60F9300CF713F /* Controllers */ = {
			isa = PBXGroup;
			children = (
				466A55C825C5968900CF713F /* HomeController.swift */,
			);
			path = Controllers;
			sourceTree = "<group>";
		};
		466A563A25C60F9D00CF713F /* ViewModels */ = {
			isa = PBXGroup;
			children = (
				466A55EB25C59D5700CF713F /* HomeViewModel.swift */,
			);
			path = ViewModels;
			sourceTree = "<group>";
		};
		466A563B25C60FAD00CF713F /* ViewLayer */ = {
			isa = PBXGroup;
			children = (
				466A563925C60F9300CF713F /* Controllers */,
				466A563A25C60F9D00CF713F /* ViewModels */,
				466A563725C60F7D00CF713F /* Views */,
			);
			path = ViewLayer;
			sourceTree = "<group>";
		};
/* End PBXGroup section */

/* Begin PBXNativeTarget section */
		466A55C025C5968900CF713F /* DukaanApp */ = {
			isa = PBXNativeTarget;
			buildConfigurationList = 466A55D525C5968E00CF713F /* Build configuration list for PBXNativeTarget "DukaanApp" */;
			buildPhases = (
				466A55BD25C5968900CF713F /* Sources */,
				466A55BE25C5968900CF713F /* Frameworks */,
				466A55BF25C5968900CF713F /* Resources */,
			);
			buildRules = (
			);
			dependencies = (
			);
			name = DukaanApp;
			productName = DukaanApp;
			productReference = 466A55C125C5968900CF713F /* DukaanApp.app */;
			productType = "com.apple.product-type.application";
		};
/* End PBXNativeTarget section */

/* Begin PBXProject section */
		466A55B925C5968900CF713F /* Project object */ = {
			isa = PBXProject;
			attributes = {
				LastSwiftUpdateCheck = 1240;
				LastUpgradeCheck = 1240;
				TargetAttributes = {
					466A55C025C5968900CF713F = {
						CreatedOnToolsVersion = 12.4;
					};
				};
			};
			buildConfigurationList = 466A55BC25C5968900CF713F /* Build configuration list for PBXProject "DukaanApp" */;
			compatibilityVersion = "Xcode 9.3";
			developmentRegion = en;
			hasScannedForEncodings = 0;
			knownRegions = (
				en,
				Base,
			);
			mainGroup = 466A55B825C5968900CF713F;
			productRefGroup = 466A55C225C5968900CF713F /* Products */;
			projectDirPath = "";
			projectRoot = "";
			targets = (
				466A55C025C5968900CF713F /* DukaanApp */,
			);
		};
/* End PBXProject section */

/* Begin PBXResourcesBuildPhase section */
		466A55BF25C5968900CF713F /* Resources */ = {
			isa = PBXResourcesBuildPhase;
			buildActionMask = 2147483647;
			files = (
				466A560725C5D31000CF713F /* DashboardHeaderView.xib in Resources */,
				466A55F225C59F0300CF713F /* ShareTableViewCell.xib in Resources */,
				466A55FE25C5A2D900CF713F /* GalanoGrotesqueRegular.ttf in Resources */,
				466A561925C5F1A900CF713F /* OrdersHeaderView.xib in Resources */,
				466A562625C5FE9400CF713F /* OrderTableViewCell.xib in Resources */,
				466A55FF25C5A2D900CF713F /* GalanoGrotesqueMedium.ttf in Resources */,
				466A560C25C5D8E600CF713F /* DashboardTableViewCell.xib in Resources */,
				466A562125C5F2DF00CF713F /* FilterCollectionViewCell.xib in Resources */,
				466A55D125C5968E00CF713F /* LaunchScreen.storyboard in Resources */,
				466A55CE25C5968E00CF713F /* Assets.xcassets in Resources */,
				466A561125C5D97800CF713F /* DashboardCollectionViewCell.xib in Resources */,
			);
			runOnlyForDeploymentPostprocessing = 0;
		};
/* End PBXResourcesBuildPhase section */

/* Begin PBXSourcesBuildPhase section */
		466A55BD25C5968900CF713F /* Sources */ = {
			isa = PBXSourcesBuildPhase;
			buildActionMask = 2147483647;
			files = (
				466A55E925C59C9F00CF713F /* UIView+Extensions.swift in Sources */,
				466A564325C60FFF00CF713F /* Filter.swift in Sources */,
				466A561025C5D97800CF713F /* DashboardCollectionViewCell.swift in Sources */,
				466A560425C5D19100CF713F /* DashboardHeaderView.swift in Sources */,
				466A55E625C598A600CF713F /* HomeView.swift in Sources */,
				466A561C25C5F1C900CF713F /* OrdersHeaderView.swift in Sources */,
				466A55C925C5968900CF713F /* HomeController.swift in Sources */,
				466A560B25C5D8E600CF713F /* DashboardTableViewCell.swift in Sources */,
				466A55F125C59F0300CF713F /* ShareTableViewCell.swift in Sources */,
				466A55F925C5A0D500CF713F /* UIViewController+Extensions.swift in Sources */,
				466A564025C60FE800CF713F /* Dashboard.swift in Sources */,
				466A55F525C59FC100CF713F /* UIColor+Extensions.swift in Sources */,
				466A562525C5FE9400CF713F /* OrderTableViewCell.swift in Sources */,
				466A55EC25C59D5700CF713F /* HomeViewModel.swift in Sources */,
				466A563D25C60FD000CF713F /* Order.swift in Sources */,
				466A562025C5F2DF00CF713F /* FilterCollectionViewCell.swift in Sources */,
				466A562925C6024E00CF713F /* UIButton+Extensions.swift in Sources */,
				466A563425C60F2E00CF713F /* UIFont+Extensions.swift in Sources */,
				466A55C525C5968900CF713F /* AppDelegate.swift in Sources */,
				466A563025C60EF700CF713F /* CALayer+Extensions.swift in Sources */,
			);
			runOnlyForDeploymentPostprocessing = 0;
		};
/* End PBXSourcesBuildPhase section */

/* Begin PBXVariantGroup section */
		466A55CF25C5968E00CF713F /* LaunchScreen.storyboard */ = {
			isa = PBXVariantGroup;
			children = (
				466A55D025C5968E00CF713F /* Base */,
			);
			name = LaunchScreen.storyboard;
			sourceTree = "<group>";
		};
/* End PBXVariantGroup section */

/* Begin XCBuildConfiguration section */
		466A55D325C5968E00CF713F /* Debug */ = {
			isa = XCBuildConfiguration;
			buildSettings = {
				ALWAYS_SEARCH_USER_PATHS = NO;
				CLANG_ANALYZER_NONNULL = YES;
				CLANG_ANALYZER_NUMBER_OBJECT_CONVERSION = YES_AGGRESSIVE;
				CLANG_CXX_LANGUAGE_STANDARD = "gnu++14";
				CLANG_CXX_LIBRARY = "libc++";
				CLANG_ENABLE_MODULES = YES;
				CLANG_ENABLE_OBJC_ARC = YES;
				CLANG_ENABLE_OBJC_WEAK = YES;
				CLANG_WARN_BLOCK_CAPTURE_AUTORELEASING = YES;
				CLANG_WARN_BOOL_CONVERSION = YES;
				CLANG_WARN_COMMA = YES;
				CLANG_WARN_CONSTANT_CONVERSION = YES;
				CLANG_WARN_DEPRECATED_OBJC_IMPLEMENTATIONS = YES;
				CLANG_WARN_DIRECT_OBJC_ISA_USAGE = YES_ERROR;
				CLANG_WARN_DOCUMENTATION_COMMENTS = YES;
				CLANG_WARN_EMPTY_BODY = YES;
				CLANG_WARN_ENUM_CONVERSION = YES;
				CLANG_WARN_INFINITE_RECURSION = YES;
				CLANG_WARN_INT_CONVERSION = YES;
				CLANG_WARN_NON_LITERAL_NULL_CONVERSION = YES;
				CLANG_WARN_OBJC_IMPLICIT_RETAIN_SELF = YES;
				CLANG_WARN_OBJC_LITERAL_CONVERSION = YES;
				CLANG_WARN_OBJC_ROOT_CLASS = YES_ERROR;
				CLANG_WARN_QUOTED_INCLUDE_IN_FRAMEWORK_HEADER = YES;
				CLANG_WARN_RANGE_LOOP_ANALYSIS = YES;
				CLANG_WARN_STRICT_PROTOTYPES = YES;
				CLANG_WARN_SUSPICIOUS_MOVE = YES;
				CLANG_WARN_UNGUARDED_AVAILABILITY = YES_AGGRESSIVE;
				CLANG_WARN_UNREACHABLE_CODE = YES;
				CLANG_WARN__DUPLICATE_METHOD_MATCH = YES;
				COPY_PHASE_STRIP = NO;
				DEBUG_INFORMATION_FORMAT = dwarf;
				ENABLE_STRICT_OBJC_MSGSEND = YES;
				ENABLE_TESTABILITY = YES;
				GCC_C_LANGUAGE_STANDARD = gnu11;
				GCC_DYNAMIC_NO_PIC = NO;
				GCC_NO_COMMON_BLOCKS = YES;
				GCC_OPTIMIZATION_LEVEL = 0;
				GCC_PREPROCESSOR_DEFINITIONS = (
					"DEBUG=1",
					"$(inherited)",
				);
				GCC_WARN_64_TO_32_BIT_CONVERSION = YES;
				GCC_WARN_ABOUT_RETURN_TYPE = YES_ERROR;
				GCC_WARN_UNDECLARED_SELECTOR = YES;
				GCC_WARN_UNINITIALIZED_AUTOS = YES_AGGRESSIVE;
				GCC_WARN_UNUSED_FUNCTION = YES;
				GCC_WARN_UNUSED_VARIABLE = YES;
				IPHONEOS_DEPLOYMENT_TARGET = 14.4;
				MTL_ENABLE_DEBUG_INFO = INCLUDE_SOURCE;
				MTL_FAST_MATH = YES;
				ONLY_ACTIVE_ARCH = YES;
				SDKROOT = iphoneos;
				SWIFT_ACTIVE_COMPILATION_CONDITIONS = DEBUG;
				SWIFT_OPTIMIZATION_LEVEL = "-Onone";
			};
			name = Debug;
		};
		466A55D425C5968E00CF713F /* Release */ = {
			isa = XCBuildConfiguration;
			buildSettings = {
				ALWAYS_SEARCH_USER_PATHS = NO;
				CLANG_ANALYZER_NONNULL = YES;
				CLANG_ANALYZER_NUMBER_OBJECT_CONVERSION = YES_AGGRESSIVE;
				CLANG_CXX_LANGUAGE_STANDARD = "gnu++14";
				CLANG_CXX_LIBRARY = "libc++";
				CLANG_ENABLE_MODULES = YES;
				CLANG_ENABLE_OBJC_ARC = YES;
				CLANG_ENABLE_OBJC_WEAK = YES;
				CLANG_WARN_BLOCK_CAPTURE_AUTORELEASING = YES;
				CLANG_WARN_BOOL_CONVERSION = YES;
				CLANG_WARN_COMMA = YES;
				CLANG_WARN_CONSTANT_CONVERSION = YES;
				CLANG_WARN_DEPRECATED_OBJC_IMPLEMENTATIONS = YES;
				CLANG_WARN_DIRECT_OBJC_ISA_USAGE = YES_ERROR;
				CLANG_WARN_DOCUMENTATION_COMMENTS = YES;
				CLANG_WARN_EMPTY_BODY = YES;
				CLANG_WARN_ENUM_CONVERSION = YES;
				CLANG_WARN_INFINITE_RECURSION = YES;
				CLANG_WARN_INT_CONVERSION = YES;
				CLANG_WARN_NON_LITERAL_NULL_CONVERSION = YES;
				CLANG_WARN_OBJC_IMPLICIT_RETAIN_SELF = YES;
				CLANG_WARN_OBJC_LITERAL_CONVERSION = YES;
				CLANG_WARN_OBJC_ROOT_CLASS = YES_ERROR;
				CLANG_WARN_QUOTED_INCLUDE_IN_FRAMEWORK_HEADER = YES;
				CLANG_WARN_RANGE_LOOP_ANALYSIS = YES;
				CLANG_WARN_STRICT_PROTOTYPES = YES;
				CLANG_WARN_SUSPICIOUS_MOVE = YES;
				CLANG_WARN_UNGUARDED_AVAILABILITY = YES_AGGRESSIVE;
				CLANG_WARN_UNREACHABLE_CODE = YES;
				CLANG_WARN__DUPLICATE_METHOD_MATCH = YES;
				COPY_PHASE_STRIP = NO;
				DEBUG_INFORMATION_FORMAT = "dwarf-with-dsym";
				ENABLE_NS_ASSERTIONS = NO;
				ENABLE_STRICT_OBJC_MSGSEND = YES;
				GCC_C_LANGUAGE_STANDARD = gnu11;
				GCC_NO_COMMON_BLOCKS = YES;
				GCC_WARN_64_TO_32_BIT_CONVERSION = YES;
				GCC_WARN_ABOUT_RETURN_TYPE = YES_ERROR;
				GCC_WARN_UNDECLARED_SELECTOR = YES;
				GCC_WARN_UNINITIALIZED_AUTOS = YES_AGGRESSIVE;
				GCC_WARN_UNUSED_FUNCTION = YES;
				GCC_WARN_UNUSED_VARIABLE = YES;
				IPHONEOS_DEPLOYMENT_TARGET = 14.4;
				MTL_ENABLE_DEBUG_INFO = NO;
				MTL_FAST_MATH = YES;
				SDKROOT = iphoneos;
				SWIFT_COMPILATION_MODE = wholemodule;
				SWIFT_OPTIMIZATION_LEVEL = "-O";
				VALIDATE_PRODUCT = YES;
			};
			name = Release;
		};
		466A55D625C5968E00CF713F /* Debug */ = {
			isa = XCBuildConfiguration;
			buildSettings = {
				ASSETCATALOG_COMPILER_APPICON_NAME = AppIcon;
				ASSETCATALOG_COMPILER_GLOBAL_ACCENT_COLOR_NAME = AccentColor;
				CODE_SIGN_STYLE = Automatic;
				DEVELOPMENT_TEAM = S2ESBB47H5;
				INFOPLIST_FILE = DukaanApp/Bundle/Info.plist;
				IPHONEOS_DEPLOYMENT_TARGET = 11.4;
				LD_RUNPATH_SEARCH_PATHS = (
					"$(inherited)",
					"@executable_path/Frameworks",
				);
				PRODUCT_BUNDLE_IDENTIFIER = com.dukaan.app.DukaanApp;
				PRODUCT_NAME = "$(TARGET_NAME)";
				SWIFT_VERSION = 5.0;
				TARGETED_DEVICE_FAMILY = "1,2";
			};
			name = Debug;
		};
		466A55D725C5968E00CF713F /* Release */ = {
			isa = XCBuildConfiguration;
			buildSettings = {
				ASSETCATALOG_COMPILER_APPICON_NAME = AppIcon;
				ASSETCATALOG_COMPILER_GLOBAL_ACCENT_COLOR_NAME = AccentColor;
				CODE_SIGN_STYLE = Automatic;
				DEVELOPMENT_TEAM = S2ESBB47H5;
				INFOPLIST_FILE = DukaanApp/Bundle/Info.plist;
				IPHONEOS_DEPLOYMENT_TARGET = 11.4;
				LD_RUNPATH_SEARCH_PATHS = (
					"$(inherited)",
					"@executable_path/Frameworks",
				);
				PRODUCT_BUNDLE_IDENTIFIER = com.dukaan.app.DukaanApp;
				PRODUCT_NAME = "$(TARGET_NAME)";
				SWIFT_VERSION = 5.0;
				TARGETED_DEVICE_FAMILY = "1,2";
			};
			name = Release;
		};
/* End XCBuildConfiguration section */

/* Begin XCConfigurationList section */
		466A55BC25C5968900CF713F /* Build configuration list for PBXProject "DukaanApp" */ = {
			isa = XCConfigurationList;
			buildConfigurations = (
				466A55D325C5968E00CF713F /* Debug */,
				466A55D425C5968E00CF713F /* Release */,
			);
			defaultConfigurationIsVisible = 0;
			defaultConfigurationName = Release;
		};
		466A55D525C5968E00CF713F /* Build configuration list for PBXNativeTarget "DukaanApp" */ = {
			isa = XCConfigurationList;
			buildConfigurations = (
				466A55D625C5968E00CF713F /* Debug */,
				466A55D725C5968E00CF713F /* Release */,
			);
			defaultConfigurationIsVisible = 0;
			defaultConfigurationName = Release;
		};
/* End XCConfigurationList section */
	};
	rootObject = 466A55B925C5968900CF713F /* Project object */;
}
